
Microsoft Visual Studio Solution File, Format Version 12.00
# Visual Studio 15
VisualStudioVersion = 15.0.26430.14
MinimumVisualStudioVersion = 10.0.40219.1
Project("{FAE04EC0-301F-11D3-BF4B-00C04F79EFBC}") = "GeekBrainsWork1", "GeekBrainsWork1\GeekBrainsWork1.csproj", "{67E7BA7E-1F1B-4089-9738-66089B500762}"
EndProject
Project("{2150E333-8FDC-42A3-9474-1A3956D46DE8}") = "Common", "Common", "{CF621D11-DC61-483F-9ADB-D241D57D111B}"
EndProject
Project("{2150E333-8FDC-42A3-9474-1A3956D46DE8}") = "Services", "Services", "{7FF1FA8E-F90B-4E28-BF22-186E03FA3374}"
EndProject
Project("{2150E333-8FDC-42A3-9474-1A3956D46DE8}") = "UI", "UI", "{85ADCFB0-F210-40FD-8AE2-0A3422047E59}"
EndProject
Project("{FAE04EC0-301F-11D3-BF4B-00C04F79EFBC}") = "GeekBrainsWork1.Domain", "GeekBrainsWork1.Domain\GeekBrainsWork1.Domain.csproj", "{7C457DA3-8EF3-497C-BDAB-7CB1D704840A}"
EndProject
Project("{FAE04EC0-301F-11D3-BF4B-00C04F79EFBC}") = "GeekBrainsWork1.DAL", "GeekBrainsWork1.DAL\GeekBrainsWork1.DAL.csproj", "{A60DA331-662D-4101-A606-A14791DC958D}"
EndProject
Global
	GlobalSection(SolutionConfigurationPlatforms) = preSolution
		Debug|Any CPU = Debug|Any CPU
		Debug|ARM = Debug|ARM
		Debug|x64 = Debug|x64
		Debug|x86 = Debug|x86
		Release|Any CPU = Release|Any CPU
		Release|ARM = Release|ARM
		Release|x64 = Release|x64
		Release|x86 = Release|x86
	EndGlobalSection
	GlobalSection(ProjectConfigurationPlatforms) = postSolution
		{67E7BA7E-1F1B-4089-9738-66089B500762}.Debug|Any CPU.ActiveCfg = Debug|Any CPU
		{67E7BA7E-1F1B-4089-9738-66089B500762}.Debug|Any CPU.Build.0 = Debug|Any CPU
		{67E7BA7E-1F1B-4089-9738-66089B500762}.Debug|ARM.ActiveCfg = Debug|Any CPU
		{67E7BA7E-1F1B-4089-9738-66089B500762}.Debug|ARM.Build.0 = Debug|Any CPU
		{67E7BA7E-1F1B-4089-9738-66089B500762}.Debug|x64.ActiveCfg = Debug|Any CPU
		{67E7BA7E-1F1B-4089-9738-66089B500762}.Debug|x64.Build.0 = Debug|Any CPU
		{67E7BA7E-1F1B-4089-9738-66089B500762}.Debug|x86.ActiveCfg = Debug|Any CPU
		{67E7BA7E-1F1B-4089-9738-66089B500762}.Debug|x86.Build.0 = Debug|Any CPU
		{67E7BA7E-1F1B-4089-9738-66089B500762}.Release|Any CPU.ActiveCfg = Release|Any CPU
		{67E7BA7E-1F1B-4089-9738-66089B500762}.Release|Any CPU.Build.0 = Release|Any CPU
		{67E7BA7E-1F1B-4089-9738-66089B500762}.Release|ARM.ActiveCfg = Release|Any CPU
		{67E7BA7E-1F1B-4089-9738-66089B500762}.Release|ARM.Build.0 = Release|Any CPU
		{67E7BA7E-1F1B-4089-9738-66089B500762}.Release|x64.ActiveCfg = Release|Any CPU
		{67E7BA7E-1F1B-4089-9738-66089B500762}.Release|x64.Build.0 = Release|Any CPU
		{67E7BA7E-1F1B-4089-9738-66089B500762}.Release|x86.ActiveCfg = Release|Any CPU
		{67E7BA7E-1F1B-4089-9738-66089B500762}.Release|x86.Build.0 = Release|Any CPU
		{7C457DA3-8EF3-497C-BDAB-7CB1D704840A}.Debug|Any CPU.ActiveCfg = Debug|Any CPU
		{7C457DA3-8EF3-497C-BDAB-7CB1D704840A}.Debug|Any CPU.Build.0 = Debug|Any CPU
		{7C457DA3-8EF3-497C-BDAB-7CB1D704840A}.Debug|ARM.ActiveCfg = Debug|Any CPU
		{7C457DA3-8EF3-497C-BDAB-7CB1D704840A}.Debug|ARM.Build.0 = Debug|Any CPU
		{7C457DA3-8EF3-497C-BDAB-7CB1D704840A}.Debug|x64.ActiveCfg = Debug|Any CPU
		{7C457DA3-8EF3-497C-BDAB-7CB1D704840A}.Debug|x64.Build.0 = Debug|Any CPU
		{7C457DA3-8EF3-497C-BDAB-7CB1D704840A}.Debug|x86.ActiveCfg = Debug|Any CPU
		{7C457DA3-8EF3-497C-BDAB-7CB1D704840A}.Debug|x86.Build.0 = Debug|Any CPU
		{7C457DA3-8EF3-497C-BDAB-7CB1D704840A}.Release|Any CPU.ActiveCfg = Release|Any CPU
		{7C457DA3-8EF3-497C-BDAB-7CB1D704840A}.Release|Any CPU.Build.0 = Release|Any CPU
		{7C457DA3-8EF3-497C-BDAB-7CB1D704840A}.Release|ARM.ActiveCfg = Release|Any CPU
		{7C457DA3-8EF3-497C-BDAB-7CB1D704840A}.Release|ARM.Build.0 = Release|Any CPU
		{7C457DA3-8EF3-497C-BDAB-7CB1D704840A}.Release|x64.ActiveCfg = Release|Any CPU
		{7C457DA3-8EF3-497C-BDAB-7CB1D704840A}.Release|x64.Build.0 = Release|Any CPU
		{7C457DA3-8EF3-497C-BDAB-7CB1D704840A}.Release|x86.ActiveCfg = Release|Any CPU
		{7C457DA3-8EF3-497C-BDAB-7CB1D704840A}.Release|x86.Build.0 = Release|Any CPU
		{A60DA331-662D-4101-A606-A14791DC958D}.Debug|Any CPU.ActiveCfg = Debug|Any CPU
		{A60DA331-662D-4101-A606-A14791DC958D}.Debug|Any CPU.Build.0 = Debug|Any CPU
		{A60DA331-662D-4101-A606-A14791DC958D}.Debug|ARM.ActiveCfg = Debug|Any CPU
		{A60DA331-662D-4101-A606-A14791DC958D}.Debug|ARM.Build.0 = Debug|Any CPU
		{A60DA331-662D-4101-A606-A14791DC958D}.Debug|x64.ActiveCfg = Debug|Any CPU
		{A60DA331-662D-4101-A606-A14791DC958D}.Debug|x64.Build.0 = Debug|Any CPU
		{A60DA331-662D-4101-A606-A14791DC958D}.Debug|x86.ActiveCfg = Debug|Any CPU
		{A60DA331-662D-4101-A606-A14791DC958D}.Debug|x86.Build.0 = Debug|Any CPU
		{A60DA331-662D-4101-A606-A14791DC958D}.Release|Any CPU.ActiveCfg = Release|Any CPU
		{A60DA331-662D-4101-A606-A14791DC958D}.Release|Any CPU.Build.0 = Release|Any CPU
		{A60DA331-662D-4101-A606-A14791DC958D}.Release|ARM.ActiveCfg = Release|Any CPU
		{A60DA331-662D-4101-A606-A14791DC958D}.Release|ARM.Build.0 = Release|Any CPU
		{A60DA331-662D-4101-A606-A14791DC958D}.Release|x64.ActiveCfg = Release|Any CPU
		{A60DA331-662D-4101-A606-A14791DC958D}.Release|x64.Build.0 = Release|Any CPU
		{A60DA331-662D-4101-A606-A14791DC958D}.Release|x86.ActiveCfg = Release|Any CPU
		{A60DA331-662D-4101-A606-A14791DC958D}.Release|x86.Build.0 = Release|Any CPU
	EndGlobalSection
	GlobalSection(SolutionProperties) = preSolution
		HideSolutionNode = FALSE
	EndGlobalSection
	GlobalSection(NestedProjects) = preSolution
		{67E7BA7E-1F1B-4089-9738-66089B500762} = {85ADCFB0-F210-40FD-8AE2-0A3422047E59}
		{7C457DA3-8EF3-497C-BDAB-7CB1D704840A} = {CF621D11-DC61-483F-9ADB-D241D57D111B}
		{A60DA331-662D-4101-A606-A14791DC958D} = {7FF1FA8E-F90B-4E28-BF22-186E03FA3374}
	EndGlobalSection
EndGlobal
